
Microsoft Visual Studio Solution File, Format Version 11.00
# Visual Studio 2010
Project("{8BC9CEB8-8B4A-11D0-8D11-00A0C91BC942}") = "test2array", "test2array\test2array.vcxproj", "{526F77B8-8406-4AA7-B3CF-EC82E1A59764}"
EndProject
Global
	GlobalSection(SolutionConfigurationPlatforms) = preSolution
		Debug|Win32 = Debug|Win32
		Release|Win32 = Release|Win32
	EndGlobalSection
	GlobalSection(ProjectConfigurationPlatforms) = postSolution
		{526F77B8-8406-4AA7-B3CF-EC82E1A59764}.Debug|Win32.ActiveCfg = Debug|Win32
		{526F77B8-8406-4AA7-B3CF-EC82E1A59764}.Debug|Win32.Build.0 = Debug|Win32
		{526F77B8-8406-4AA7-B3CF-EC82E1A59764}.Release|Win32.ActiveCfg = Release|Win32
		{526F77B8-8406-4AA7-B3CF-EC82E1A59764}.Release|Win32.Build.0 = Release|Win32
	EndGlobalSection
	GlobalSection(SolutionProperties) = preSolution
		HideSolutionNode = FALSE
	EndGlobalSection
EndGlobal
