
Microsoft Visual Studio Solution File, Format Version 12.00
# Visual Studio Version 16
VisualStudioVersion = 16.0.30128.74
MinimumVisualStudioVersion = 10.0.40219.1
Project("{FAE04EC0-301F-11D3-BF4B-00C04F79EFBC}") = "2020061102HGCS-MultipleChoice", "2020061102HGCS-MultipleChoice\2020061102HGCS-MultipleChoice.csproj", "{5AF3EED6-FA22-4A2F-80B0-9FB1A5E1B3C3}"
EndProject
Global
	GlobalSection(SolutionConfigurationPlatforms) = preSolution
		Debug|Any CPU = Debug|Any CPU
		Release|Any CPU = Release|Any CPU
	EndGlobalSection
	GlobalSection(ProjectConfigurationPlatforms) = postSolution
		{5AF3EED6-FA22-4A2F-80B0-9FB1A5E1B3C3}.Debug|Any CPU.ActiveCfg = Debug|Any CPU
		{5AF3EED6-FA22-4A2F-80B0-9FB1A5E1B3C3}.Debug|Any CPU.Build.0 = Debug|Any CPU
		{5AF3EED6-FA22-4A2F-80B0-9FB1A5E1B3C3}.Release|Any CPU.ActiveCfg = Release|Any CPU
		{5AF3EED6-FA22-4A2F-80B0-9FB1A5E1B3C3}.Release|Any CPU.Build.0 = Release|Any CPU
	EndGlobalSection
	GlobalSection(SolutionProperties) = preSolution
		HideSolutionNode = FALSE
	EndGlobalSection
	GlobalSection(ExtensibilityGlobals) = postSolution
		SolutionGuid = {FBD4A879-24A1-42D1-BBA7-6CDFE05956CE}
	EndGlobalSection
EndGlobal
