
Microsoft Visual Studio Solution File, Format Version 12.00
# Visual Studio Version 16
VisualStudioVersion = 16.0.29519.87
MinimumVisualStudioVersion = 10.0.40219.1
Project("{FAE04EC0-301F-11D3-BF4B-00C04F79EFBC}") = "CsOOPtutorial", "CsOOPtutorial.csproj", "{4849420C-2F36-4609-9092-2A348437B856}"
EndProject
Global
	GlobalSection(SolutionConfigurationPlatforms) = preSolution
		Debug|Any CPU = Debug|Any CPU
		Release|Any CPU = Release|Any CPU
	EndGlobalSection
	GlobalSection(ProjectConfigurationPlatforms) = postSolution
		{4849420C-2F36-4609-9092-2A348437B856}.Debug|Any CPU.ActiveCfg = Debug|Any CPU
		{4849420C-2F36-4609-9092-2A348437B856}.Debug|Any CPU.Build.0 = Debug|Any CPU
		{4849420C-2F36-4609-9092-2A348437B856}.Release|Any CPU.ActiveCfg = Release|Any CPU
		{4849420C-2F36-4609-9092-2A348437B856}.Release|Any CPU.Build.0 = Release|Any CPU
	EndGlobalSection
	GlobalSection(SolutionProperties) = preSolution
		HideSolutionNode = FALSE
	EndGlobalSection
	GlobalSection(ExtensibilityGlobals) = postSolution
		SolutionGuid = {35CC2382-E13C-4D30-9DC0-2C966583DE59}
	EndGlobalSection
EndGlobal
