
Microsoft Visual Studio Solution File, Format Version 12.00
# Visual Studio Version 16
VisualStudioVersion = 16.0.30011.22
MinimumVisualStudioVersion = 10.0.40219.1
Project("{FAE04EC0-301F-11D3-BF4B-00C04F79EFBC}") = "2020060401CS-HW2", "2020060401CS-HW2.csproj", "{B2756D79-69A3-4E9F-A9F2-82A0B9018B19}"
EndProject
Global
	GlobalSection(SolutionConfigurationPlatforms) = preSolution
		Debug|Any CPU = Debug|Any CPU
		Release|Any CPU = Release|Any CPU
	EndGlobalSection
	GlobalSection(ProjectConfigurationPlatforms) = postSolution
		{B2756D79-69A3-4E9F-A9F2-82A0B9018B19}.Debug|Any CPU.ActiveCfg = Debug|Any CPU
		{B2756D79-69A3-4E9F-A9F2-82A0B9018B19}.Debug|Any CPU.Build.0 = Debug|Any CPU
		{B2756D79-69A3-4E9F-A9F2-82A0B9018B19}.Release|Any CPU.ActiveCfg = Release|Any CPU
		{B2756D79-69A3-4E9F-A9F2-82A0B9018B19}.Release|Any CPU.Build.0 = Release|Any CPU
	EndGlobalSection
	GlobalSection(SolutionProperties) = preSolution
		HideSolutionNode = FALSE
	EndGlobalSection
	GlobalSection(ExtensibilityGlobals) = postSolution
		SolutionGuid = {A2832AD7-0EB2-456E-98D1-DA1CA267FE0F}
	EndGlobalSection
EndGlobal
