
Microsoft Visual Studio Solution File, Format Version 12.00
# Visual Studio Version 16
VisualStudioVersion = 16.0.30128.74
MinimumVisualStudioVersion = 10.0.40219.1
Project("{8BC9CEB8-8B4A-11D0-8D11-00A0C91BC942}") = "err12", "err12\err12.vcxproj", "{A6911B10-BF8A-4D4A-8EBA-96B6EA6262DA}"
EndProject
Global
	GlobalSection(SolutionConfigurationPlatforms) = preSolution
		Debug|x64 = Debug|x64
		Debug|x86 = Debug|x86
		Release|x64 = Release|x64
		Release|x86 = Release|x86
	EndGlobalSection
	GlobalSection(ProjectConfigurationPlatforms) = postSolution
		{A6911B10-BF8A-4D4A-8EBA-96B6EA6262DA}.Debug|x64.ActiveCfg = Debug|x64
		{A6911B10-BF8A-4D4A-8EBA-96B6EA6262DA}.Debug|x64.Build.0 = Debug|x64
		{A6911B10-BF8A-4D4A-8EBA-96B6EA6262DA}.Debug|x86.ActiveCfg = Debug|Win32
		{A6911B10-BF8A-4D4A-8EBA-96B6EA6262DA}.Debug|x86.Build.0 = Debug|Win32
		{A6911B10-BF8A-4D4A-8EBA-96B6EA6262DA}.Release|x64.ActiveCfg = Release|x64
		{A6911B10-BF8A-4D4A-8EBA-96B6EA6262DA}.Release|x64.Build.0 = Release|x64
		{A6911B10-BF8A-4D4A-8EBA-96B6EA6262DA}.Release|x86.ActiveCfg = Release|Win32
		{A6911B10-BF8A-4D4A-8EBA-96B6EA6262DA}.Release|x86.Build.0 = Release|Win32
	EndGlobalSection
	GlobalSection(SolutionProperties) = preSolution
		HideSolutionNode = FALSE
	EndGlobalSection
	GlobalSection(ExtensibilityGlobals) = postSolution
		SolutionGuid = {C302A96E-4178-4AE1-BA8F-8D80B0142AE0}
	EndGlobalSection
EndGlobal
