
Microsoft Visual Studio Solution File, Format Version 12.00
# Visual Studio Version 16
VisualStudioVersion = 16.0.30128.74
MinimumVisualStudioVersion = 10.0.40219.1
Project("{FAE04EC0-301F-11D3-BF4B-00C04F79EFBC}") = "2020061801GHCS-FileIO", "2020061801GHCS-FileIO\2020061801GHCS-FileIO.csproj", "{34985723-EF19-468C-B2DF-005F512DD5AD}"
EndProject
Global
	GlobalSection(SolutionConfigurationPlatforms) = preSolution
		Debug|Any CPU = Debug|Any CPU
		Release|Any CPU = Release|Any CPU
	EndGlobalSection
	GlobalSection(ProjectConfigurationPlatforms) = postSolution
		{34985723-EF19-468C-B2DF-005F512DD5AD}.Debug|Any CPU.ActiveCfg = Debug|Any CPU
		{34985723-EF19-468C-B2DF-005F512DD5AD}.Debug|Any CPU.Build.0 = Debug|Any CPU
		{34985723-EF19-468C-B2DF-005F512DD5AD}.Release|Any CPU.ActiveCfg = Release|Any CPU
		{34985723-EF19-468C-B2DF-005F512DD5AD}.Release|Any CPU.Build.0 = Release|Any CPU
	EndGlobalSection
	GlobalSection(SolutionProperties) = preSolution
		HideSolutionNode = FALSE
	EndGlobalSection
	GlobalSection(ExtensibilityGlobals) = postSolution
		SolutionGuid = {F872D8E7-7626-4929-AB63-AFF08C1336BD}
	EndGlobalSection
EndGlobal
