
Microsoft Visual Studio Solution File, Format Version 12.00
# Visual Studio Version 16
VisualStudioVersion = 16.0.29519.87
MinimumVisualStudioVersion = 10.0.40219.1
Project("{FAE04EC0-301F-11D3-BF4B-00C04F79EFBC}") = "CSzip", "CSzip.csproj", "{2433E6EB-4811-48FE-A935-5F8B1F8BC1DA}"
EndProject
Global
	GlobalSection(SolutionConfigurationPlatforms) = preSolution
		Debug|Any CPU = Debug|Any CPU
		Release|Any CPU = Release|Any CPU
	EndGlobalSection
	GlobalSection(ProjectConfigurationPlatforms) = postSolution
		{2433E6EB-4811-48FE-A935-5F8B1F8BC1DA}.Debug|Any CPU.ActiveCfg = Debug|Any CPU
		{2433E6EB-4811-48FE-A935-5F8B1F8BC1DA}.Debug|Any CPU.Build.0 = Debug|Any CPU
		{2433E6EB-4811-48FE-A935-5F8B1F8BC1DA}.Release|Any CPU.ActiveCfg = Release|Any CPU
		{2433E6EB-4811-48FE-A935-5F8B1F8BC1DA}.Release|Any CPU.Build.0 = Release|Any CPU
	EndGlobalSection
	GlobalSection(SolutionProperties) = preSolution
		HideSolutionNode = FALSE
	EndGlobalSection
	GlobalSection(ExtensibilityGlobals) = postSolution
		SolutionGuid = {403F7B6C-37CD-4F7B-88A1-F3CDABCEB5C7}
	EndGlobalSection
EndGlobal
