
Microsoft Visual Studio Solution File, Format Version 12.00
# Visual Studio Version 16
VisualStudioVersion = 16.0.30011.22
MinimumVisualStudioVersion = 10.0.40219.1
Project("{FAE04EC0-301F-11D3-BF4B-00C04F79EFBC}") = "CS_rev1", "CS_rev1.csproj", "{4DEDAA98-BA43-4CAD-8304-E1C64AC88E31}"
EndProject
Global
	GlobalSection(SolutionConfigurationPlatforms) = preSolution
		Debug|Any CPU = Debug|Any CPU
		Release|Any CPU = Release|Any CPU
	EndGlobalSection
	GlobalSection(ProjectConfigurationPlatforms) = postSolution
		{4DEDAA98-BA43-4CAD-8304-E1C64AC88E31}.Debug|Any CPU.ActiveCfg = Debug|Any CPU
		{4DEDAA98-BA43-4CAD-8304-E1C64AC88E31}.Debug|Any CPU.Build.0 = Debug|Any CPU
		{4DEDAA98-BA43-4CAD-8304-E1C64AC88E31}.Release|Any CPU.ActiveCfg = Release|Any CPU
		{4DEDAA98-BA43-4CAD-8304-E1C64AC88E31}.Release|Any CPU.Build.0 = Release|Any CPU
	EndGlobalSection
	GlobalSection(SolutionProperties) = preSolution
		HideSolutionNode = FALSE
	EndGlobalSection
	GlobalSection(ExtensibilityGlobals) = postSolution
		SolutionGuid = {2988F127-F89C-4811-9211-F3A2EF34A099}
	EndGlobalSection
EndGlobal
