
Microsoft Visual Studio Solution File, Format Version 12.00
# Visual Studio Version 16
VisualStudioVersion = 16.0.29519.87
MinimumVisualStudioVersion = 10.0.40219.1
Project("{FAE04EC0-301F-11D3-BF4B-00C04F79EFBC}") = "2020030101CsMediaPlayer", "2020030101CsMediaPlayer.csproj", "{5691A09F-ED94-40CE-91BE-753849E322B8}"
EndProject
Global
	GlobalSection(SolutionConfigurationPlatforms) = preSolution
		Debug|Any CPU = Debug|Any CPU
		Release|Any CPU = Release|Any CPU
	EndGlobalSection
	GlobalSection(ProjectConfigurationPlatforms) = postSolution
		{5691A09F-ED94-40CE-91BE-753849E322B8}.Debug|Any CPU.ActiveCfg = Debug|Any CPU
		{5691A09F-ED94-40CE-91BE-753849E322B8}.Debug|Any CPU.Build.0 = Debug|Any CPU
		{5691A09F-ED94-40CE-91BE-753849E322B8}.Release|Any CPU.ActiveCfg = Release|Any CPU
		{5691A09F-ED94-40CE-91BE-753849E322B8}.Release|Any CPU.Build.0 = Release|Any CPU
	EndGlobalSection
	GlobalSection(SolutionProperties) = preSolution
		HideSolutionNode = FALSE
	EndGlobalSection
	GlobalSection(ExtensibilityGlobals) = postSolution
		SolutionGuid = {23DC8493-5411-44AD-9DCE-90D8796997CC}
	EndGlobalSection
EndGlobal
