
Microsoft Visual Studio Solution File, Format Version 12.00
# Visual Studio Version 16
VisualStudioVersion = 16.0.29519.87
MinimumVisualStudioVersion = 10.0.40219.1
Project("{FAE04EC0-301F-11D3-BF4B-00C04F79EFBC}") = "filemanipulation_tutorial", "filemanipulation_tutorial.csproj", "{90C24838-B2C3-444B-8EF4-F36295BC1116}"
EndProject
Global
	GlobalSection(SolutionConfigurationPlatforms) = preSolution
		Debug|Any CPU = Debug|Any CPU
		Release|Any CPU = Release|Any CPU
	EndGlobalSection
	GlobalSection(ProjectConfigurationPlatforms) = postSolution
		{90C24838-B2C3-444B-8EF4-F36295BC1116}.Debug|Any CPU.ActiveCfg = Debug|Any CPU
		{90C24838-B2C3-444B-8EF4-F36295BC1116}.Debug|Any CPU.Build.0 = Debug|Any CPU
		{90C24838-B2C3-444B-8EF4-F36295BC1116}.Release|Any CPU.ActiveCfg = Release|Any CPU
		{90C24838-B2C3-444B-8EF4-F36295BC1116}.Release|Any CPU.Build.0 = Release|Any CPU
	EndGlobalSection
	GlobalSection(SolutionProperties) = preSolution
		HideSolutionNode = FALSE
	EndGlobalSection
	GlobalSection(ExtensibilityGlobals) = postSolution
		SolutionGuid = {BE36BA77-611B-4246-AD18-0EB2056D70D3}
	EndGlobalSection
EndGlobal
