
Microsoft Visual Studio Solution File, Format Version 12.00
# Visual Studio Version 16
VisualStudioVersion = 16.0.29519.87
MinimumVisualStudioVersion = 10.0.40219.1
Project("{FAE04EC0-301F-11D3-BF4B-00C04F79EFBC}") = "FileAndFolders", "FileAndFolders.csproj", "{5BD78A38-3391-4D96-8072-4A0EE096F99F}"
EndProject
Global
	GlobalSection(SolutionConfigurationPlatforms) = preSolution
		Debug|Any CPU = Debug|Any CPU
		Release|Any CPU = Release|Any CPU
	EndGlobalSection
	GlobalSection(ProjectConfigurationPlatforms) = postSolution
		{5BD78A38-3391-4D96-8072-4A0EE096F99F}.Debug|Any CPU.ActiveCfg = Debug|Any CPU
		{5BD78A38-3391-4D96-8072-4A0EE096F99F}.Debug|Any CPU.Build.0 = Debug|Any CPU
		{5BD78A38-3391-4D96-8072-4A0EE096F99F}.Release|Any CPU.ActiveCfg = Release|Any CPU
		{5BD78A38-3391-4D96-8072-4A0EE096F99F}.Release|Any CPU.Build.0 = Release|Any CPU
	EndGlobalSection
	GlobalSection(SolutionProperties) = preSolution
		HideSolutionNode = FALSE
	EndGlobalSection
	GlobalSection(ExtensibilityGlobals) = postSolution
		SolutionGuid = {F71DB33D-0F51-4426-AADB-0B2DCBB39809}
	EndGlobalSection
EndGlobal
