
Microsoft Visual Studio Solution File, Format Version 12.00
# Visual Studio Version 16
VisualStudioVersion = 16.0.30011.22
MinimumVisualStudioVersion = 10.0.40219.1
Project("{8BC9CEB8-8B4A-11D0-8D11-00A0C91BC942}") = "error_11", "error_11.vcxproj", "{E21D4562-5C1D-4181-9757-636E5DDEF50C}"
EndProject
Global
	GlobalSection(SolutionConfigurationPlatforms) = preSolution
		Debug|x64 = Debug|x64
		Debug|x86 = Debug|x86
		Release|x64 = Release|x64
		Release|x86 = Release|x86
	EndGlobalSection
	GlobalSection(ProjectConfigurationPlatforms) = postSolution
		{E21D4562-5C1D-4181-9757-636E5DDEF50C}.Debug|x64.ActiveCfg = Debug|x64
		{E21D4562-5C1D-4181-9757-636E5DDEF50C}.Debug|x64.Build.0 = Debug|x64
		{E21D4562-5C1D-4181-9757-636E5DDEF50C}.Debug|x86.ActiveCfg = Debug|Win32
		{E21D4562-5C1D-4181-9757-636E5DDEF50C}.Debug|x86.Build.0 = Debug|Win32
		{E21D4562-5C1D-4181-9757-636E5DDEF50C}.Release|x64.ActiveCfg = Release|x64
		{E21D4562-5C1D-4181-9757-636E5DDEF50C}.Release|x64.Build.0 = Release|x64
		{E21D4562-5C1D-4181-9757-636E5DDEF50C}.Release|x86.ActiveCfg = Release|Win32
		{E21D4562-5C1D-4181-9757-636E5DDEF50C}.Release|x86.Build.0 = Release|Win32
	EndGlobalSection
	GlobalSection(SolutionProperties) = preSolution
		HideSolutionNode = FALSE
	EndGlobalSection
	GlobalSection(ExtensibilityGlobals) = postSolution
		SolutionGuid = {E3F66D83-71DE-4477-946C-978878DA2049}
	EndGlobalSection
EndGlobal
