
Microsoft Visual Studio Solution File, Format Version 12.00
# Visual Studio Version 16
VisualStudioVersion = 16.0.30011.22
MinimumVisualStudioVersion = 10.0.40219.1
Project("{FAE04EC0-301F-11D3-BF4B-00C04F79EFBC}") = "2020050901CS_helloWorld", "2020050901CS_helloWorld.csproj", "{619E7457-ADE0-4A0E-8F5F-D3C0A789D680}"
EndProject
Global
	GlobalSection(SolutionConfigurationPlatforms) = preSolution
		Debug|Any CPU = Debug|Any CPU
		Release|Any CPU = Release|Any CPU
	EndGlobalSection
	GlobalSection(ProjectConfigurationPlatforms) = postSolution
		{619E7457-ADE0-4A0E-8F5F-D3C0A789D680}.Debug|Any CPU.ActiveCfg = Debug|Any CPU
		{619E7457-ADE0-4A0E-8F5F-D3C0A789D680}.Debug|Any CPU.Build.0 = Debug|Any CPU
		{619E7457-ADE0-4A0E-8F5F-D3C0A789D680}.Release|Any CPU.ActiveCfg = Release|Any CPU
		{619E7457-ADE0-4A0E-8F5F-D3C0A789D680}.Release|Any CPU.Build.0 = Release|Any CPU
	EndGlobalSection
	GlobalSection(SolutionProperties) = preSolution
		HideSolutionNode = FALSE
	EndGlobalSection
	GlobalSection(ExtensibilityGlobals) = postSolution
		SolutionGuid = {AF5E753B-FBEE-468C-B0E5-B3EE0736B0C3}
	EndGlobalSection
EndGlobal
