
Microsoft Visual Studio Solution File, Format Version 12.00
# Visual Studio Version 16
VisualStudioVersion = 16.0.29519.87
MinimumVisualStudioVersion = 10.0.40219.1
Project("{FAE04EC0-301F-11D3-BF4B-00C04F79EFBC}") = "SnakeGame", "SnakeGame.csproj", "{91C440FD-F26F-4CD9-BA10-F36903FEB957}"
EndProject
Global
	GlobalSection(SolutionConfigurationPlatforms) = preSolution
		Debug|Any CPU = Debug|Any CPU
		Release|Any CPU = Release|Any CPU
	EndGlobalSection
	GlobalSection(ProjectConfigurationPlatforms) = postSolution
		{91C440FD-F26F-4CD9-BA10-F36903FEB957}.Debug|Any CPU.ActiveCfg = Debug|Any CPU
		{91C440FD-F26F-4CD9-BA10-F36903FEB957}.Debug|Any CPU.Build.0 = Debug|Any CPU
		{91C440FD-F26F-4CD9-BA10-F36903FEB957}.Release|Any CPU.ActiveCfg = Release|Any CPU
		{91C440FD-F26F-4CD9-BA10-F36903FEB957}.Release|Any CPU.Build.0 = Release|Any CPU
	EndGlobalSection
	GlobalSection(SolutionProperties) = preSolution
		HideSolutionNode = FALSE
	EndGlobalSection
	GlobalSection(ExtensibilityGlobals) = postSolution
		SolutionGuid = {C418D8B9-E241-4A96-84C2-8371328AF8D0}
	EndGlobalSection
EndGlobal
