
Microsoft Visual Studio Solution File, Format Version 12.00
# Visual Studio Version 16
VisualStudioVersion = 16.0.30011.22
MinimumVisualStudioVersion = 10.0.40219.1
Project("{FAE04EC0-301F-11D3-BF4B-00C04F79EFBC}") = "2020052101CS_7zip", "2020052101CS_7zip.csproj", "{58B0E081-4720-4B1D-8679-335E48AB7B7A}"
EndProject
Global
	GlobalSection(SolutionConfigurationPlatforms) = preSolution
		Debug|Any CPU = Debug|Any CPU
		Release|Any CPU = Release|Any CPU
	EndGlobalSection
	GlobalSection(ProjectConfigurationPlatforms) = postSolution
		{58B0E081-4720-4B1D-8679-335E48AB7B7A}.Debug|Any CPU.ActiveCfg = Debug|Any CPU
		{58B0E081-4720-4B1D-8679-335E48AB7B7A}.Debug|Any CPU.Build.0 = Debug|Any CPU
		{58B0E081-4720-4B1D-8679-335E48AB7B7A}.Release|Any CPU.ActiveCfg = Release|Any CPU
		{58B0E081-4720-4B1D-8679-335E48AB7B7A}.Release|Any CPU.Build.0 = Release|Any CPU
	EndGlobalSection
	GlobalSection(SolutionProperties) = preSolution
		HideSolutionNode = FALSE
	EndGlobalSection
	GlobalSection(ExtensibilityGlobals) = postSolution
		SolutionGuid = {AEE39676-E557-415C-B763-3FC2CE298AC7}
	EndGlobalSection
EndGlobal
