
Microsoft Visual Studio Solution File, Format Version 12.00
# Visual Studio Version 16
VisualStudioVersion = 16.0.29519.87
MinimumVisualStudioVersion = 10.0.40219.1
Project("{FAE04EC0-301F-11D3-BF4B-00C04F79EFBC}") = "PlayingCard1", "PlayingCard1.csproj", "{A7A75F3D-D324-432F-BE09-7CE37ED02D4C}"
EndProject
Global
	GlobalSection(SolutionConfigurationPlatforms) = preSolution
		Debug|Any CPU = Debug|Any CPU
		Release|Any CPU = Release|Any CPU
	EndGlobalSection
	GlobalSection(ProjectConfigurationPlatforms) = postSolution
		{A7A75F3D-D324-432F-BE09-7CE37ED02D4C}.Debug|Any CPU.ActiveCfg = Debug|Any CPU
		{A7A75F3D-D324-432F-BE09-7CE37ED02D4C}.Debug|Any CPU.Build.0 = Debug|Any CPU
		{A7A75F3D-D324-432F-BE09-7CE37ED02D4C}.Release|Any CPU.ActiveCfg = Release|Any CPU
		{A7A75F3D-D324-432F-BE09-7CE37ED02D4C}.Release|Any CPU.Build.0 = Release|Any CPU
	EndGlobalSection
	GlobalSection(SolutionProperties) = preSolution
		HideSolutionNode = FALSE
	EndGlobalSection
	GlobalSection(ExtensibilityGlobals) = postSolution
		SolutionGuid = {A881472D-08B1-43B0-9B78-A80AA6DBF153}
	EndGlobalSection
EndGlobal
