
Microsoft Visual Studio Solution File, Format Version 12.00
# Visual Studio Version 16
VisualStudioVersion = 16.0.30011.22
MinimumVisualStudioVersion = 10.0.40219.1
Project("{FAE04EC0-301F-11D3-BF4B-00C04F79EFBC}") = "DBtest", "DBtest.csproj", "{C1F6DA90-558E-48A7-86AE-A29A2CCD5931}"
EndProject
Global
	GlobalSection(SolutionConfigurationPlatforms) = preSolution
		Debug|Any CPU = Debug|Any CPU
		Release|Any CPU = Release|Any CPU
	EndGlobalSection
	GlobalSection(ProjectConfigurationPlatforms) = postSolution
		{C1F6DA90-558E-48A7-86AE-A29A2CCD5931}.Debug|Any CPU.ActiveCfg = Debug|Any CPU
		{C1F6DA90-558E-48A7-86AE-A29A2CCD5931}.Debug|Any CPU.Build.0 = Debug|Any CPU
		{C1F6DA90-558E-48A7-86AE-A29A2CCD5931}.Release|Any CPU.ActiveCfg = Release|Any CPU
		{C1F6DA90-558E-48A7-86AE-A29A2CCD5931}.Release|Any CPU.Build.0 = Release|Any CPU
	EndGlobalSection
	GlobalSection(SolutionProperties) = preSolution
		HideSolutionNode = FALSE
	EndGlobalSection
	GlobalSection(ExtensibilityGlobals) = postSolution
		SolutionGuid = {3F873780-E6A6-40D1-9D13-076DFB3D2A54}
	EndGlobalSection
EndGlobal
