
Microsoft Visual Studio Solution File, Format Version 12.00
# Visual Studio Version 16
VisualStudioVersion = 16.0.29519.87
MinimumVisualStudioVersion = 10.0.40219.1
Project("{FAE04EC0-301F-11D3-BF4B-00C04F79EFBC}") = "WindowsFormsApp1", "WindowsFormsApp1.csproj", "{D137A15A-1DE6-4BD5-A65E-786C93CAB548}"
EndProject
Global
	GlobalSection(SolutionConfigurationPlatforms) = preSolution
		Debug|Any CPU = Debug|Any CPU
		Release|Any CPU = Release|Any CPU
	EndGlobalSection
	GlobalSection(ProjectConfigurationPlatforms) = postSolution
		{D137A15A-1DE6-4BD5-A65E-786C93CAB548}.Debug|Any CPU.ActiveCfg = Debug|Any CPU
		{D137A15A-1DE6-4BD5-A65E-786C93CAB548}.Debug|Any CPU.Build.0 = Debug|Any CPU
		{D137A15A-1DE6-4BD5-A65E-786C93CAB548}.Release|Any CPU.ActiveCfg = Release|Any CPU
		{D137A15A-1DE6-4BD5-A65E-786C93CAB548}.Release|Any CPU.Build.0 = Release|Any CPU
	EndGlobalSection
	GlobalSection(SolutionProperties) = preSolution
		HideSolutionNode = FALSE
	EndGlobalSection
	GlobalSection(ExtensibilityGlobals) = postSolution
		SolutionGuid = {CF3C36B2-B205-471D-BCB1-83AF639E502B}
	EndGlobalSection
EndGlobal
