
Microsoft Visual Studio Solution File, Format Version 12.00
# Visual Studio Version 16
VisualStudioVersion = 16.0.30011.22
MinimumVisualStudioVersion = 10.0.40219.1
Project("{8BC9CEB8-8B4A-11D0-8D11-00A0C91BC942}") = "c_pattern", "c_pattern.vcxproj", "{B6C667F7-E315-4012-8AAB-64423B305A86}"
EndProject
Global
	GlobalSection(SolutionConfigurationPlatforms) = preSolution
		Debug|x64 = Debug|x64
		Debug|x86 = Debug|x86
		Release|x64 = Release|x64
		Release|x86 = Release|x86
	EndGlobalSection
	GlobalSection(ProjectConfigurationPlatforms) = postSolution
		{B6C667F7-E315-4012-8AAB-64423B305A86}.Debug|x64.ActiveCfg = Debug|x64
		{B6C667F7-E315-4012-8AAB-64423B305A86}.Debug|x64.Build.0 = Debug|x64
		{B6C667F7-E315-4012-8AAB-64423B305A86}.Debug|x86.ActiveCfg = Debug|Win32
		{B6C667F7-E315-4012-8AAB-64423B305A86}.Debug|x86.Build.0 = Debug|Win32
		{B6C667F7-E315-4012-8AAB-64423B305A86}.Release|x64.ActiveCfg = Release|x64
		{B6C667F7-E315-4012-8AAB-64423B305A86}.Release|x64.Build.0 = Release|x64
		{B6C667F7-E315-4012-8AAB-64423B305A86}.Release|x86.ActiveCfg = Release|Win32
		{B6C667F7-E315-4012-8AAB-64423B305A86}.Release|x86.Build.0 = Release|Win32
	EndGlobalSection
	GlobalSection(SolutionProperties) = preSolution
		HideSolutionNode = FALSE
	EndGlobalSection
	GlobalSection(ExtensibilityGlobals) = postSolution
		SolutionGuid = {330EAFA7-7ED6-4291-8908-D71A80C3A8AC}
	EndGlobalSection
EndGlobal
